
Microsoft Visual Studio Solution File, Format Version 12.00
# Visual Studio Version 16
VisualStudioVersion = 16.0.31321.278
MinimumVisualStudioVersion = 10.0.40219.1
Project("{FAE04EC0-301F-11D3-BF4B-00C04F79EFBC}") = "eCv", "eCv.csproj", "{94CE2DA2-9739-4526-949E-3C488ABE793B}"
EndProject
Global
	GlobalSection(SolutionConfigurationPlatforms) = preSolution
		Debug|Any CPU = Debug|Any CPU
		Release|Any CPU = Release|Any CPU
	EndGlobalSection
	GlobalSection(ProjectConfigurationPlatforms) = postSolution
		{94CE2DA2-9739-4526-949E-3C488ABE793B}.Debug|Any CPU.ActiveCfg = Debug|Any CPU
		{94CE2DA2-9739-4526-949E-3C488ABE793B}.Debug|Any CPU.Build.0 = Debug|Any CPU
		{94CE2DA2-9739-4526-949E-3C488ABE793B}.Release|Any CPU.ActiveCfg = Release|Any CPU
		{94CE2DA2-9739-4526-949E-3C488ABE793B}.Release|Any CPU.Build.0 = Release|Any CPU
	EndGlobalSection
	GlobalSection(SolutionProperties) = preSolution
		HideSolutionNode = FALSE
	EndGlobalSection
	GlobalSection(ExtensibilityGlobals) = postSolution
		SolutionGuid = {12760BF2-FA08-43A0-85BA-D81534B318D1}
	EndGlobalSection
EndGlobal
